
Microsoft Visual Studio Solution File, Format Version 12.00
# Visual Studio 15
VisualStudioVersion = 15.0.28307.421
MinimumVisualStudioVersion = 10.0.40219.1
Project("{2150E333-8FDC-42A3-9474-1A3956D46DE8}") = "0_thirdparty", "0_thirdparty", "{1F6C6701-8074-4B52-9B89-B462FDE18E91}"
EndProject
Project("{8BC9CEB8-8B4A-11D0-8D11-00A0C91BC942}") = "libb64", "thirdparty\b64-1.4.2\libb64.vcxproj", "{730FA81A-EC97-442E-B25D-D45FD394605E}"
EndProject
Project("{2150E333-8FDC-42A3-9474-1A3956D46DE8}") = "1_demo", "1_demo", "{EE1DBAE3-F594-449D-96B3-BEB2FBAE8F7F}"
EndProject
Project("{2150E333-8FDC-42A3-9474-1A3956D46DE8}") = "examples", "examples", "{EDE66833-0490-48AE-8300-17C135B520A2}"
EndProject
Project("{8BC9CEB8-8B4A-11D0-8D11-00A0C91BC942}") = "example.c.1", "demo\examples\example.c.1.vcxproj", "{3CFD8D3C-5D69-47BF-9E96-BCD6AC473C8C}"
EndProject
Project("{8BC9CEB8-8B4A-11D0-8D11-00A0C91BC942}") = "example.cpp.1", "demo\examples\example.cpp.1.vcxproj", "{6C0B1657-EFAD-4BAB-A7D6-F962385DD3D5}"
EndProject
Project("{8BC9CEB8-8B4A-11D0-8D11-00A0C91BC942}") = "example.cpp.2", "demo\examples\example.cpp.2.vcxproj", "{320F5152-92D8-4764-83E2-EF2DAC87418A}"
EndProject
Project("{8BC9CEB8-8B4A-11D0-8D11-00A0C91BC942}") = "example.c.2", "demo\examples\example.c.2.vcxproj", "{BD3AECF1-8675-41CD-A285-612404DD61BC}"
EndProject
Project("{2150E333-8FDC-42A3-9474-1A3956D46DE8}") = "test", "test", "{7CBFF65E-A2BD-42C3-9A6A-6126EA6FA69B}"
EndProject
Project("{8BC9CEB8-8B4A-11D0-8D11-00A0C91BC942}") = "test.unit.c.1", "demo\test\test.unit.c.1.vcxproj", "{50E724F1-6DBE-4066-8619-E9276428B306}"
EndProject
Project("{8BC9CEB8-8B4A-11D0-8D11-00A0C91BC942}") = "test.unit.cpp.1", "demo\test\test.unit.cpp.1.vcxproj", "{430E056F-3B88-4008-8140-B46ABDB2BAFF}"
EndProject
Global
	GlobalSection(SolutionConfigurationPlatforms) = preSolution
		Debug|x64 = Debug|x64
		Release|x64 = Release|x64
	EndGlobalSection
	GlobalSection(ProjectConfigurationPlatforms) = postSolution
		{730FA81A-EC97-442E-B25D-D45FD394605E}.Debug|x64.ActiveCfg = Debug|x64
		{730FA81A-EC97-442E-B25D-D45FD394605E}.Debug|x64.Build.0 = Debug|x64
		{730FA81A-EC97-442E-B25D-D45FD394605E}.Release|x64.ActiveCfg = Release|x64
		{730FA81A-EC97-442E-B25D-D45FD394605E}.Release|x64.Build.0 = Release|x64
		{3CFD8D3C-5D69-47BF-9E96-BCD6AC473C8C}.Debug|x64.ActiveCfg = Debug|x64
		{3CFD8D3C-5D69-47BF-9E96-BCD6AC473C8C}.Debug|x64.Build.0 = Debug|x64
		{3CFD8D3C-5D69-47BF-9E96-BCD6AC473C8C}.Release|x64.ActiveCfg = Release|x64
		{3CFD8D3C-5D69-47BF-9E96-BCD6AC473C8C}.Release|x64.Build.0 = Release|x64
		{6C0B1657-EFAD-4BAB-A7D6-F962385DD3D5}.Debug|x64.ActiveCfg = Debug|x64
		{6C0B1657-EFAD-4BAB-A7D6-F962385DD3D5}.Debug|x64.Build.0 = Debug|x64
		{6C0B1657-EFAD-4BAB-A7D6-F962385DD3D5}.Release|x64.ActiveCfg = Release|x64
		{6C0B1657-EFAD-4BAB-A7D6-F962385DD3D5}.Release|x64.Build.0 = Release|x64
		{320F5152-92D8-4764-83E2-EF2DAC87418A}.Debug|x64.ActiveCfg = Debug|x64
		{320F5152-92D8-4764-83E2-EF2DAC87418A}.Debug|x64.Build.0 = Debug|x64
		{320F5152-92D8-4764-83E2-EF2DAC87418A}.Release|x64.ActiveCfg = Release|x64
		{320F5152-92D8-4764-83E2-EF2DAC87418A}.Release|x64.Build.0 = Release|x64
		{BD3AECF1-8675-41CD-A285-612404DD61BC}.Debug|x64.ActiveCfg = Debug|x64
		{BD3AECF1-8675-41CD-A285-612404DD61BC}.Debug|x64.Build.0 = Debug|x64
		{BD3AECF1-8675-41CD-A285-612404DD61BC}.Release|x64.ActiveCfg = Release|x64
		{BD3AECF1-8675-41CD-A285-612404DD61BC}.Release|x64.Build.0 = Release|x64
		{50E724F1-6DBE-4066-8619-E9276428B306}.Debug|x64.ActiveCfg = Debug|x64
		{50E724F1-6DBE-4066-8619-E9276428B306}.Debug|x64.Build.0 = Debug|x64
		{50E724F1-6DBE-4066-8619-E9276428B306}.Release|x64.ActiveCfg = Release|x64
		{50E724F1-6DBE-4066-8619-E9276428B306}.Release|x64.Build.0 = Release|x64
		{430E056F-3B88-4008-8140-B46ABDB2BAFF}.Debug|x64.ActiveCfg = Debug|x64
		{430E056F-3B88-4008-8140-B46ABDB2BAFF}.Debug|x64.Build.0 = Debug|x64
		{430E056F-3B88-4008-8140-B46ABDB2BAFF}.Release|x64.ActiveCfg = Release|x64
		{430E056F-3B88-4008-8140-B46ABDB2BAFF}.Release|x64.Build.0 = Release|x64
	EndGlobalSection
	GlobalSection(SolutionProperties) = preSolution
		HideSolutionNode = FALSE
	EndGlobalSection
	GlobalSection(NestedProjects) = preSolution
		{730FA81A-EC97-442E-B25D-D45FD394605E} = {1F6C6701-8074-4B52-9B89-B462FDE18E91}
		{EDE66833-0490-48AE-8300-17C135B520A2} = {EE1DBAE3-F594-449D-96B3-BEB2FBAE8F7F}
		{3CFD8D3C-5D69-47BF-9E96-BCD6AC473C8C} = {EDE66833-0490-48AE-8300-17C135B520A2}
		{6C0B1657-EFAD-4BAB-A7D6-F962385DD3D5} = {EDE66833-0490-48AE-8300-17C135B520A2}
		{320F5152-92D8-4764-83E2-EF2DAC87418A} = {EDE66833-0490-48AE-8300-17C135B520A2}
		{BD3AECF1-8675-41CD-A285-612404DD61BC} = {EDE66833-0490-48AE-8300-17C135B520A2}
		{7CBFF65E-A2BD-42C3-9A6A-6126EA6FA69B} = {EE1DBAE3-F594-449D-96B3-BEB2FBAE8F7F}
		{50E724F1-6DBE-4066-8619-E9276428B306} = {7CBFF65E-A2BD-42C3-9A6A-6126EA6FA69B}
		{430E056F-3B88-4008-8140-B46ABDB2BAFF} = {7CBFF65E-A2BD-42C3-9A6A-6126EA6FA69B}
	EndGlobalSection
	GlobalSection(ExtensibilityGlobals) = postSolution
		SolutionGuid = {0A8CEE52-492A-4393-9DD8-1A14948800DE}
	EndGlobalSection
EndGlobal
